DEPENDENCIES
  apt
  build-essential
  monit
    path: .
    metadata: true
  setup
    path: test/fixtures/cookbooks/setup
  ubuntu (<= 1.1.4)
  yum-epel

GRAPH
  apt (2.3.10)
  build-essential (2.0.0)
  monit (1.1.0)
    apt (>= 0.0.0)
    build-essential (>= 0.0.0)
    ubuntu (>= 0.0.0)
    yum-epel (>= 0.0.0)
  setup (0.0.0)
  ubuntu (1.1.4)
    apt (>= 0.0.0)
  yum (3.2.0)
  yum-epel (0.3.6)
    yum (~> 3.0)
