{
  "sources": {
    "monit": {
      "path": "."
    },
    "yum-epel": {
      "locked_version": "0.2.0"
    },
    "ubuntu": {
      "locked_version": "1.1.4"
    },
    "apt": {
      "locked_version": "2.3.4"
    },
    "build-essential": {
      "locked_version": "1.4.2"
    },
    "setup": {
      "path": "./test/fixtures/cookbooks/setup"
    },
    "yum": {
      "locked_version": "3.0.2"
    }
  }
}
